
Microsoft Visual Studio Solution File, Format Version 12.00
# Visual Studio Version 17
VisualStudioVersion = 17.4.33213.308
MinimumVisualStudioVersion = 10.0.40219.1
Project("{FAE04EC0-301F-11D3-BF4B-00C04F79EFBC}") = "Week13SQLiteDB", "Week13SQLiteDB\Week13SQLiteDB.csproj", "{28E835C9-2817-46D7-A16E-A57C386C26E4}"
EndProject
Global
	GlobalSection(SolutionConfigurationPlatforms) = preSolution
		Debug|Any CPU = Debug|Any CPU
		Release|Any CPU = Release|Any CPU
	EndGlobalSection
	GlobalSection(ProjectConfigurationPlatforms) = postSolution
		{28E835C9-2817-46D7-A16E-A57C386C26E4}.Debug|Any CPU.ActiveCfg = Debug|Any CPU
		{28E835C9-2817-46D7-A16E-A57C386C26E4}.Debug|Any CPU.Build.0 = Debug|Any CPU
		{28E835C9-2817-46D7-A16E-A57C386C26E4}.Release|Any CPU.ActiveCfg = Release|Any CPU
		{28E835C9-2817-46D7-A16E-A57C386C26E4}.Release|Any CPU.Build.0 = Release|Any CPU
	EndGlobalSection
	GlobalSection(SolutionProperties) = preSolution
		HideSolutionNode = FALSE
	EndGlobalSection
	GlobalSection(ExtensibilityGlobals) = postSolution
		SolutionGuid = {358AE3A2-6037-4BED-B873-016FE2C258FA}
	EndGlobalSection
EndGlobal
